{
  "nodes": {
    "dotacat": {
      "flake": false,
      "locked": {
        "lastModified": 1621958012,
        "narHash": "sha256-GaXnSxYVZJQqND4W6lw9XLH1cmBMWhuRn7MCUcmFCdg=",
        "ref": "master",
        "rev": "7a6284166f0e6cc91fa19ece5b8dce96bfd1e561",
        "revCount": 25,
        "type": "git",
        "url": "https://gitlab.scd31.com/stephen/dotacat.git"
      },
      "original": {
        "type": "git",
        "url": "https://gitlab.scd31.com/stephen/dotacat.git"
      }
    },
    "fast-syntax-highlighting": {
      "flake": false,
      "locked": {
        "lastModified": 1636861870,
        "narHash": "sha256-Rteua+181hxhVLtM/bNj1FIe8H90vXbClTqdi1ppBgI=",
        "owner": "z-shell",
        "repo": "fast-syntax-highlighting",
        "rev": "03c6cc526a586ee4fa0afd7ac05c8b40246a97f8",
        "type": "github"
      },
      "original": {
        "owner": "z-shell",
        "repo": "fast-syntax-highlighting",
        "type": "github"
      }
    },
    "flake-compat": {
      "flake": false,
      "locked": {
        "lastModified": 1627913399,
        "narHash": "sha256-hY8g6H2KFL8ownSiFeMOjwPC8P0ueXpCVEbxgda3pko=",
        "owner": "edolstra",
        "repo": "flake-compat",
        "rev": "12c64ca55c1014cdc1b16ed5a804aa8576601ff2",
        "type": "github"
      },
      "original": {
        "owner": "edolstra",
        "repo": "flake-compat",
        "type": "github"
      }
    },
    "flake-utils": {
      "locked": {
        "lastModified": 1629481132,
        "narHash": "sha256-JHgasjPR0/J1J3DRm4KxM4zTyAj4IOJY8vIl75v/kPI=",
        "owner": "numtide",
        "repo": "flake-utils",
        "rev": "997f7efcb746a9c140ce1f13c72263189225f482",
        "type": "github"
      },
      "original": {
        "owner": "numtide",
        "repo": "flake-utils",
        "type": "github"
      }
    },
    "home-manager": {
      "inputs": {
        "nixpkgs": "nixpkgs"
      },
      "locked": {
        "lastModified": 1637825539,
        "narHash": "sha256-TmSZRsBA59HHv6Dym3ZGm2eZDa2z5EmfyAA5F5tW03Q=",
        "owner": "nix-community",
        "repo": "home-manager",
        "rev": "c27c8f49c0bccaff91f5f637ad727d440b769997",
        "type": "github"
      },
      "original": {
        "owner": "nix-community",
        "repo": "home-manager",
        "type": "github"
      }
    },
    "naersk": {
      "inputs": {
        "nixpkgs": "nixpkgs_2"
      },
      "locked": {
        "lastModified": 1637576998,
        "narHash": "sha256-bGQ66hh4Dl78T9bd1pqdp6fprHMCkrkeKqED6sDUYqo=",
        "owner": "nix-community",
        "repo": "naersk",
        "rev": "b043f2447a4a761529254f4983cacd94b034a122",
        "type": "github"
      },
      "original": {
        "owner": "nix-community",
        "repo": "naersk",
        "type": "github"
      }
    },
    "naersk_2": {
      "inputs": {
        "nixpkgs": [
          "rnix-lsp",
          "nixpkgs"
        ]
      },
      "locked": {
        "lastModified": 1629707199,
        "narHash": "sha256-sGxlmfp5eXL5sAMNqHSb04Zq6gPl+JeltIZ226OYN0w=",
        "owner": "nmattia",
        "repo": "naersk",
        "rev": "df71f5e4babda41cd919a8684b72218e2e809fa9",
        "type": "github"
      },
      "original": {
        "owner": "nmattia",
        "repo": "naersk",
        "type": "github"
      }
    },
    "neovim-flake": {
      "inputs": {
        "flake-utils": "flake-utils",
        "nixpkgs": [
          "neovim-nightly-overlay",
          "nixpkgs"
        ]
      },
      "locked": {
        "dir": "contrib",
        "lastModified": 1637815542,
        "narHash": "sha256-8Zj8ij2z2HYI/Kw1YOyghluiLdY44gLOZBfxUPVaj/M=",
        "owner": "neovim",
        "repo": "neovim",
        "rev": "b5b025f6a3ad406929c096f63b5f1e7649d3c818",
        "type": "github"
      },
      "original": {
        "dir": "contrib",
        "owner": "neovim",
        "repo": "neovim",
        "type": "github"
      }
    },
    "neovim-nightly-overlay": {
      "inputs": {
        "flake-compat": "flake-compat",
        "neovim-flake": "neovim-flake",
        "nixpkgs": "nixpkgs_3"
      },
      "locked": {
        "lastModified": 1637828025,
        "narHash": "sha256-2Msh+uQlQJVa065Qb+yA73SqHbpTSusuG225RXmXF9w=",
        "owner": "nix-community",
        "repo": "neovim-nightly-overlay",
        "rev": "b5160d7ece844fe5e7e7528f1d0f76f9ccb272f0",
        "type": "github"
      },
      "original": {
        "owner": "nix-community",
        "repo": "neovim-nightly-overlay",
        "type": "github"
      }
    },
    "nix-zsh-completions": {
      "flake": false,
      "locked": {
        "lastModified": 1614026477,
        "narHash": "sha256-TWgo56l+FBXssOYWlAfJ5j4pOHNmontOEolcGdihIJs=",
        "owner": "spwhitt",
        "repo": "nix-zsh-completions",
        "rev": "468d8cf752a62b877eba1a196fbbebb4ce4ebb6f",
        "type": "github"
      },
      "original": {
        "owner": "spwhitt",
        "repo": "nix-zsh-completions",
        "type": "github"
      }
    },
    "nixpkgs": {
      "locked": {
        "lastModified": 1637875216,
        "narHash": "sha256-QWhCTTJIBi1z0NgU/gH/Q9BrhQTRJU0JmKRipXxM1kk=",
        "owner": "NixOS",
        "repo": "nixpkgs",
        "rev": "7d5905395da0dba83349dae80225b30c83b1aee1",
        "type": "github"
      },
      "original": {
        "id": "nixpkgs",
        "type": "indirect"
      }
    },
    "nixpkgs-mozilla": {
      "flake": false,
      "locked": {
        "lastModified": 1637337116,
        "narHash": "sha256-LKqAcdL+woWeYajs02bDQ7q8rsqgXuzhC354NoRaV80=",
        "owner": "mozilla",
        "repo": "nixpkgs-mozilla",
        "rev": "cbc7435f5b0b3d17b16fb1d20cf7b616eec5e093",
        "type": "github"
      },
      "original": {
        "owner": "mozilla",
        "repo": "nixpkgs-mozilla",
        "type": "github"
      }
    },
    "nixpkgs_2": {
      "locked": {
        "lastModified": 1637875216,
        "narHash": "sha256-QWhCTTJIBi1z0NgU/gH/Q9BrhQTRJU0JmKRipXxM1kk=",
        "owner": "NixOS",
        "repo": "nixpkgs",
        "rev": "7d5905395da0dba83349dae80225b30c83b1aee1",
        "type": "github"
      },
      "original": {
        "id": "nixpkgs",
        "type": "indirect"
      }
    },
    "nixpkgs_3": {
      "locked": {
        "lastModified": 1637753138,
        "narHash": "sha256-yo7E4a/miP77fH3Ksp9tmYECAPjxBeweJFeZ4tX9O/U=",
        "owner": "nixos",
        "repo": "nixpkgs",
        "rev": "39cb89ef2ffcbef8d2ac2d52267ac69121a6becb",
        "type": "github"
      },
      "original": {
        "owner": "nixos",
        "ref": "nixos-unstable",
        "repo": "nixpkgs",
        "type": "github"
      }
    },
    "nixpkgs_4": {
      "locked": {
        "lastModified": 1637841632,
        "narHash": "sha256-QYqiKHdda0EOnLGQCHE+GluD/Lq2EJj4hVTooPM55Ic=",
        "owner": "nixos",
        "repo": "nixpkgs",
        "rev": "73369f8d0864854d1acfa7f1e6217f7d6b6e3fa1",
        "type": "github"
      },
      "original": {
        "owner": "nixos",
        "ref": "nixos-unstable",
        "repo": "nixpkgs",
        "type": "github"
      }
    },
    "nixpkgs_5": {
      "locked": {
        "lastModified": 1630481079,
        "narHash": "sha256-leWXLchbAbqOlLT6tju631G40SzQWPqaAXQG3zH1Imw=",
        "owner": "nixos",
        "repo": "nixpkgs",
        "rev": "110a2c9ebbf5d4a94486854f18a37a938cfacbbb",
        "type": "github"
      },
      "original": {
        "owner": "nixos",
        "ref": "nixos-21.05",
        "repo": "nixpkgs",
        "type": "github"
      }
    },
    "powerlevel10k": {
      "flake": false,
      "locked": {
        "lastModified": 1636957611,
        "narHash": "sha256-XJ7gWcAq+xFqCbC3bTBWGTZ0ouftANInJ0fc2uptbco=",
        "owner": "romkatv",
        "repo": "powerlevel10k",
        "rev": "a9f208c8fc509b9c591169dd9758c48ad4325f76",
        "type": "github"
      },
      "original": {
        "owner": "romkatv",
        "repo": "powerlevel10k",
        "type": "github"
      }
    },
    "rnix-lsp": {
      "inputs": {
        "naersk": "naersk_2",
        "nixpkgs": "nixpkgs_5",
        "utils": "utils"
      },
      "locked": {
        "lastModified": 1636977689,
        "narHash": "sha256-pQmAxKBoEhC851iRsowMErz9CYiJxGpARjhPeSapH1Y=",
        "owner": "nix-community",
        "repo": "rnix-lsp",
        "rev": "9462b0d20325a06f7e43b5a0469ec2c92e60f5fe",
        "type": "github"
      },
      "original": {
        "owner": "nix-community",
        "repo": "rnix-lsp",
        "type": "github"
      }
    },
    "root": {
      "inputs": {
        "dotacat": "dotacat",
        "fast-syntax-highlighting": "fast-syntax-highlighting",
        "home-manager": "home-manager",
        "naersk": "naersk",
        "neovim-nightly-overlay": "neovim-nightly-overlay",
        "nix-zsh-completions": "nix-zsh-completions",
        "nixpkgs": "nixpkgs_4",
        "nixpkgs-mozilla": "nixpkgs-mozilla",
        "powerlevel10k": "powerlevel10k",
        "rnix-lsp": "rnix-lsp",
        "stylua": "stylua",
        "zsh-nix-shell": "zsh-nix-shell"
      }
    },
    "stylua": {
      "flake": false,
      "locked": {
        "lastModified": 1637341087,
        "narHash": "sha256-F70PZ51MeLjsbYqIMo4b6I5jgvndIRdIrCleE72uVLg=",
        "owner": "johnnymorganz",
        "repo": "stylua",
        "rev": "027acfd700c3d2a404ef77c92648dca3e0f9e69e",
        "type": "github"
      },
      "original": {
        "owner": "johnnymorganz",
        "repo": "stylua",
        "type": "github"
      }
    },
    "utils": {
      "locked": {
        "lastModified": 1629481132,
        "narHash": "sha256-JHgasjPR0/J1J3DRm4KxM4zTyAj4IOJY8vIl75v/kPI=",
        "owner": "numtide",
        "repo": "flake-utils",
        "rev": "997f7efcb746a9c140ce1f13c72263189225f482",
        "type": "github"
      },
      "original": {
        "owner": "numtide",
        "repo": "flake-utils",
        "type": "github"
      }
    },
    "zsh-nix-shell": {
      "flake": false,
      "locked": {
        "lastModified": 1628023704,
        "narHash": "sha256-WNa8RljYhkOWk7AZbdTOvYhWw1fR8PjFxH/tnUCbems=",
        "owner": "chisui",
        "repo": "zsh-nix-shell",
        "rev": "f8574f27e1d7772629c9509b2116d504798fe30a",
        "type": "github"
      },
      "original": {
        "owner": "chisui",
        "repo": "zsh-nix-shell",
        "type": "github"
      }
    }
  },
  "root": "root",
  "version": 7
}
