{
  "nodes": {
    "arduino-lsp": {
      "flake": false,
      "locked": {
        "lastModified": 1663600562,
        "narHash": "sha256-Ay/qderir6he14IHA1pQe1OgKmTVKGHy3zHL1gXQ2e8=",
        "owner": "arduino",
        "repo": "arduino-language-server",
        "rev": "65897589efb0e4061ef44cd4c99b9b63c430cbcd",
        "type": "github"
      },
      "original": {
        "owner": "arduino",
        "repo": "arduino-language-server",
        "type": "github"
      }
    },
    "comma": {
      "inputs": {
        "flake-compat": "flake-compat",
        "naersk": "naersk",
        "nixpkgs": "nixpkgs",
        "utils": "utils"
      },
      "locked": {
        "lastModified": 1663284638,
        "narHash": "sha256-rXAX14yB8v9BOG4ZsdGEedpZAnNqhQ4DtjQwzFX/TLY=",
        "owner": "nix-community",
        "repo": "comma",
        "rev": "c83ff3839983b3cb8deb407ff618ca12179de588",
        "type": "github"
      },
      "original": {
        "owner": "nix-community",
        "repo": "comma",
        "type": "github"
      }
    },
    "dotacat": {
      "flake": false,
      "locked": {
        "lastModified": 1621958012,
        "narHash": "sha256-GaXnSxYVZJQqND4W6lw9XLH1cmBMWhuRn7MCUcmFCdg=",
        "ref": "refs/heads/master",
        "rev": "7a6284166f0e6cc91fa19ece5b8dce96bfd1e561",
        "revCount": 25,
        "type": "git",
        "url": "https://gitlab.scd31.com/stephen/dotacat.git"
      },
      "original": {
        "type": "git",
        "url": "https://gitlab.scd31.com/stephen/dotacat.git"
      }
    },
    "fast-syntax-highlighting": {
      "flake": false,
      "locked": {
        "lastModified": 1659608234,
        "narHash": "sha256-OLeeFPNx3dWZgJSvKqKzAeFloXQRNbvJKNBBYavzkSE=",
        "owner": "z-shell",
        "repo": "F-Sy-H",
        "rev": "c0b8c1484bc482de98ff3149817197159cab3b33",
        "type": "github"
      },
      "original": {
        "owner": "z-shell",
        "repo": "F-Sy-H",
        "type": "github"
      }
    },
    "flake-compat": {
      "flake": false,
      "locked": {
        "lastModified": 1650374568,
        "narHash": "sha256-Z+s0J8/r907g149rllvwhb4pKi8Wam5ij0st8PwAh+E=",
        "owner": "edolstra",
        "repo": "flake-compat",
        "rev": "b4a34015c698c7793d592d66adbab377907a2be8",
        "type": "github"
      },
      "original": {
        "owner": "edolstra",
        "repo": "flake-compat",
        "type": "github"
      }
    },
    "flake-utils": {
      "locked": {
        "lastModified": 1659877975,
        "narHash": "sha256-zllb8aq3YO3h8B/U0/J1WBgAL8EX5yWf5pMj3G0NAmc=",
        "owner": "numtide",
        "repo": "flake-utils",
        "rev": "c0e246b9b83f637f4681389ecabcb2681b4f3af0",
        "type": "github"
      },
      "original": {
        "owner": "numtide",
        "repo": "flake-utils",
        "type": "github"
      }
    },
    "flake-utils_2": {
      "locked": {
        "lastModified": 1659877975,
        "narHash": "sha256-zllb8aq3YO3h8B/U0/J1WBgAL8EX5yWf5pMj3G0NAmc=",
        "owner": "numtide",
        "repo": "flake-utils",
        "rev": "c0e246b9b83f637f4681389ecabcb2681b4f3af0",
        "type": "github"
      },
      "original": {
        "owner": "numtide",
        "repo": "flake-utils",
        "type": "github"
      }
    },
    "flake-utils_3": {
      "locked": {
        "lastModified": 1659877975,
        "narHash": "sha256-zllb8aq3YO3h8B/U0/J1WBgAL8EX5yWf5pMj3G0NAmc=",
        "owner": "numtide",
        "repo": "flake-utils",
        "rev": "c0e246b9b83f637f4681389ecabcb2681b4f3af0",
        "type": "github"
      },
      "original": {
        "owner": "numtide",
        "repo": "flake-utils",
        "type": "github"
      }
    },
    "flake-utils_4": {
      "locked": {
        "lastModified": 1659877975,
        "narHash": "sha256-zllb8aq3YO3h8B/U0/J1WBgAL8EX5yWf5pMj3G0NAmc=",
        "owner": "numtide",
        "repo": "flake-utils",
        "rev": "c0e246b9b83f637f4681389ecabcb2681b4f3af0",
        "type": "github"
      },
      "original": {
        "owner": "numtide",
        "repo": "flake-utils",
        "type": "github"
      }
    },
    "flake-utils_5": {
      "locked": {
        "lastModified": 1656928814,
        "narHash": "sha256-RIFfgBuKz6Hp89yRr7+NR5tzIAbn52h8vT6vXkYjZoM=",
        "owner": "numtide",
        "repo": "flake-utils",
        "rev": "7e2a3b3dfd9af950a856d66b0a7d01e3c18aa249",
        "type": "github"
      },
      "original": {
        "owner": "numtide",
        "repo": "flake-utils",
        "type": "github"
      }
    },
    "flake-utils_6": {
      "locked": {
        "lastModified": 1656065134,
        "narHash": "sha256-oc6E6ByIw3oJaIyc67maaFcnjYOz1mMcOtHxbEf9NwQ=",
        "owner": "numtide",
        "repo": "flake-utils",
        "rev": "bee6a7250dd1b01844a2de7e02e4df7d8a0a206c",
        "type": "github"
      },
      "original": {
        "owner": "numtide",
        "repo": "flake-utils",
        "type": "github"
      }
    },
    "flake-utils_7": {
      "locked": {
        "lastModified": 1656928814,
        "narHash": "sha256-RIFfgBuKz6Hp89yRr7+NR5tzIAbn52h8vT6vXkYjZoM=",
        "owner": "numtide",
        "repo": "flake-utils",
        "rev": "7e2a3b3dfd9af950a856d66b0a7d01e3c18aa249",
        "type": "github"
      },
      "original": {
        "owner": "numtide",
        "repo": "flake-utils",
        "type": "github"
      }
    },
    "flake-utils_8": {
      "locked": {
        "lastModified": 1659877975,
        "narHash": "sha256-zllb8aq3YO3h8B/U0/J1WBgAL8EX5yWf5pMj3G0NAmc=",
        "owner": "numtide",
        "repo": "flake-utils",
        "rev": "c0e246b9b83f637f4681389ecabcb2681b4f3af0",
        "type": "github"
      },
      "original": {
        "owner": "numtide",
        "repo": "flake-utils",
        "type": "github"
      }
    },
    "home-manager": {
      "inputs": {
        "nixpkgs": [
          "nixpkgs"
        ],
        "utils": "utils_2"
      },
      "locked": {
        "lastModified": 1664783440,
        "narHash": "sha256-KlMwR7mUf5h8MPnzV7nGFUAt6ih/euW5xgvZ5x+hwvI=",
        "owner": "nix-community",
        "repo": "home-manager",
        "rev": "e4e639dd4dc3e431aa5b5f95325f9a66ac7e0dd9",
        "type": "github"
      },
      "original": {
        "owner": "nix-community",
        "repo": "home-manager",
        "type": "github"
      }
    },
    "hyperfine": {
      "flake": false,
      "locked": {
        "lastModified": 1660587576,
        "narHash": "sha256-rBZCQfNS9reTHO+bckmHGwqzJRNTwTPQrJvtWVGPf8s=",
        "owner": "sharkdp",
        "repo": "hyperfine",
        "rev": "6c0ec317ead302ce7b3e79d944d0a8315d758ad8",
        "type": "github"
      },
      "original": {
        "owner": "sharkdp",
        "repo": "hyperfine",
        "type": "github"
      }
    },
    "kabalist": {
      "flake": false,
      "locked": {
        "lastModified": 1658172660,
        "narHash": "sha256-OIpqQmKUkUdzk1+j8+BnPGWiY/bAgo8x8wwcTbbWy0g=",
        "owner": "traxys",
        "repo": "kabalist",
        "rev": "e62a87e7ad0d23bb72f7ded238e1c53c11b777b6",
        "type": "github"
      },
      "original": {
        "owner": "traxys",
        "repo": "kabalist",
        "type": "github"
      }
    },
    "naersk": {
      "inputs": {
        "nixpkgs": [
          "comma",
          "nixpkgs"
        ]
      },
      "locked": {
        "lastModified": 1662220400,
        "narHash": "sha256-9o2OGQqu4xyLZP9K6kNe1pTHnyPz0Wr3raGYnr9AIgY=",
        "owner": "nix-community",
        "repo": "naersk",
        "rev": "6944160c19cb591eb85bbf9b2f2768a935623ed3",
        "type": "github"
      },
      "original": {
        "owner": "nix-community",
        "ref": "master",
        "repo": "naersk",
        "type": "github"
      }
    },
    "naersk_2": {
      "inputs": {
        "nixpkgs": "nixpkgs_2"
      },
      "locked": {
        "lastModified": 1662220400,
        "narHash": "sha256-9o2OGQqu4xyLZP9K6kNe1pTHnyPz0Wr3raGYnr9AIgY=",
        "owner": "nix-community",
        "repo": "naersk",
        "rev": "6944160c19cb591eb85bbf9b2f2768a935623ed3",
        "type": "github"
      },
      "original": {
        "owner": "nix-community",
        "repo": "naersk",
        "type": "github"
      }
    },
    "naersk_3": {
      "inputs": {
        "nixpkgs": "nixpkgs_6"
      },
      "locked": {
        "lastModified": 1662220400,
        "narHash": "sha256-9o2OGQqu4xyLZP9K6kNe1pTHnyPz0Wr3raGYnr9AIgY=",
        "owner": "nix-community",
        "repo": "naersk",
        "rev": "6944160c19cb591eb85bbf9b2f2768a935623ed3",
        "type": "github"
      },
      "original": {
        "owner": "nix-community",
        "repo": "naersk",
        "type": "github"
      }
    },
    "naersk_4": {
      "inputs": {
        "nixpkgs": "nixpkgs_8"
      },
      "locked": {
        "lastModified": 1659610603,
        "narHash": "sha256-LYgASYSPYo7O71WfeUOaEUzYfzuXm8c8eavJcel+pfI=",
        "owner": "nix-community",
        "repo": "naersk",
        "rev": "c6a45e4277fa58abd524681466d3450f896dc094",
        "type": "github"
      },
      "original": {
        "owner": "nix-community",
        "repo": "naersk",
        "type": "github"
      }
    },
    "naersk_5": {
      "inputs": {
        "nixpkgs": "nixpkgs_12"
      },
      "locked": {
        "lastModified": 1659610603,
        "narHash": "sha256-LYgASYSPYo7O71WfeUOaEUzYfzuXm8c8eavJcel+pfI=",
        "owner": "nix-community",
        "repo": "naersk",
        "rev": "c6a45e4277fa58abd524681466d3450f896dc094",
        "type": "github"
      },
      "original": {
        "owner": "nix-community",
        "repo": "naersk",
        "type": "github"
      }
    },
    "neovim-flake": {
      "inputs": {
        "flake-utils": "flake-utils_3",
        "nixpkgs": [
          "nvim-traxys",
          "nixpkgs"
        ]
      },
      "locked": {
        "dir": "contrib",
        "lastModified": 1664901479,
        "narHash": "sha256-SM6bnO7Bt4Y8C2kYpNaubpjVpgGLMSq7b9e3ZxKe6WA=",
        "owner": "neovim",
        "repo": "neovim",
        "rev": "c651152a9db56d9fb4681789e38d9b52d996e960",
        "type": "github"
      },
      "original": {
        "dir": "contrib",
        "owner": "neovim",
        "repo": "neovim",
        "type": "github"
      }
    },
    "nix-alien": {
      "inputs": {
        "flake-utils": "flake-utils",
        "nixpkgs": "nixpkgs_3",
        "poetry2nix": "poetry2nix"
      },
      "locked": {
        "lastModified": 1664886387,
        "narHash": "sha256-LKlJ2loqIh9awGIYaxvBhfo1iW0ZlGZ85aertBR5ybU=",
        "owner": "thiagokokada",
        "repo": "nix-alien",
        "rev": "1de0f90f84b439cf2a500240533a5b48a15c269f",
        "type": "github"
      },
      "original": {
        "owner": "thiagokokada",
        "repo": "nix-alien",
        "type": "github"
      }
    },
    "nix-ld": {
      "inputs": {
        "nixpkgs": "nixpkgs_4",
        "utils": "utils_3"
      },
      "locked": {
        "lastModified": 1652641841,
        "narHash": "sha256-TTBz20XR2vmvOSDu8hXcbHbOEI0t/IWq8vZuRKyep1E=",
        "owner": "Mic92",
        "repo": "nix-ld",
        "rev": "c25cc4b5ec65f03c2bb96f927ae724a59c51d7ee",
        "type": "github"
      },
      "original": {
        "owner": "Mic92",
        "ref": "main",
        "repo": "nix-ld",
        "type": "github"
      }
    },
    "nixpkgs": {
      "locked": {
        "lastModified": 1663235518,
        "narHash": "sha256-q8zLK6rK/CLXEguaPgm9yQJcY0VQtOBhAT9EV2UFK/A=",
        "owner": "NixOS",
        "repo": "nixpkgs",
        "rev": "2277e4c9010b0f27585eb0bed0a86d7cbc079354",
        "type": "github"
      },
      "original": {
        "owner": "NixOS",
        "ref": "nixpkgs-unstable",
        "repo": "nixpkgs",
        "type": "github"
      }
    },
    "nixpkgs_10": {
      "locked": {
        "lastModified": 1656401090,
        "narHash": "sha256-bUS2nfQsvTQW2z8SK7oEFSElbmoBahOPtbXPm0AL3I4=",
        "owner": "NixOS",
        "repo": "nixpkgs",
        "rev": "16de63fcc54e88b9a106a603038dd5dd2feb21eb",
        "type": "github"
      },
      "original": {
        "owner": "NixOS",
        "ref": "nixpkgs-unstable",
        "repo": "nixpkgs",
        "type": "github"
      }
    },
    "nixpkgs_11": {
      "locked": {
        "lastModified": 1659102345,
        "narHash": "sha256-Vbzlz254EMZvn28BhpN8JOi5EuKqnHZ3ujFYgFcSGvk=",
        "owner": "NixOS",
        "repo": "nixpkgs",
        "rev": "11b60e4f80d87794a2a4a8a256391b37c59a1ea7",
        "type": "github"
      },
      "original": {
        "owner": "NixOS",
        "ref": "nixpkgs-unstable",
        "repo": "nixpkgs",
        "type": "github"
      }
    },
    "nixpkgs_12": {
      "locked": {
        "lastModified": 1661336769,
        "narHash": "sha256-5Sf9tMd1Jdm+lTBGspbQ4kEoYCDKpUhEVAZHRcm6mGU=",
        "owner": "NixOS",
        "repo": "nixpkgs",
        "rev": "03428dbaaa23d6bf458770907b0927b377c873a8",
        "type": "github"
      },
      "original": {
        "id": "nixpkgs",
        "type": "indirect"
      }
    },
    "nixpkgs_13": {
      "locked": {
        "lastModified": 1661361016,
        "narHash": "sha256-Bjf6ZDnDc6glTwIIItvwfcaeJ5zWFM6GYfPajSArdUY=",
        "owner": "nixos",
        "repo": "nixpkgs",
        "rev": "b784c5ae63dd288375af1b4d37b8a27dd8061887",
        "type": "github"
      },
      "original": {
        "owner": "nixos",
        "ref": "nixos-unstable",
        "repo": "nixpkgs",
        "type": "github"
      }
    },
    "nixpkgs_2": {
      "locked": {
        "lastModified": 1664847737,
        "narHash": "sha256-Wxl0CtRH3Vo8+qEZ/PbCcx+9D8wEEi56tJPmROum2ss=",
        "owner": "NixOS",
        "repo": "nixpkgs",
        "rev": "de80d1d04ee691279e1302a1128c082bbda3ab01",
        "type": "github"
      },
      "original": {
        "id": "nixpkgs",
        "type": "indirect"
      }
    },
    "nixpkgs_3": {
      "locked": {
        "lastModified": 1663175074,
        "narHash": "sha256-pmujinSiECRsgOWpGlKtTwPEtCv8Y7OYYHgfg/tYdJw=",
        "owner": "NixOS",
        "repo": "nixpkgs",
        "rev": "ee55809e3162f9157a7579b59d4b9caf6e931686",
        "type": "github"
      },
      "original": {
        "owner": "NixOS",
        "ref": "nixpkgs-unstable",
        "repo": "nixpkgs",
        "type": "github"
      }
    },
    "nixpkgs_4": {
      "locked": {
        "lastModified": 1652536154,
        "narHash": "sha256-d+y62beDhz2/l65SBAkxwtvTBzw3hgU1kECogyncKYM=",
        "owner": "NixOS",
        "repo": "nixpkgs",
        "rev": "ddfb78791c95019d3d102d9dcb2631112ca7661f",
        "type": "github"
      },
      "original": {
        "owner": "NixOS",
        "repo": "nixpkgs",
        "type": "github"
      }
    },
    "nixpkgs_5": {
      "locked": {
        "lastModified": 1664780719,
        "narHash": "sha256-Oxe6la5dSqRfJogjtY4sRzJjDDqvroJIVkcGEOT87MA=",
        "owner": "nixos",
        "repo": "nixpkgs",
        "rev": "fd54651f5ffb4a36e8463e0c327a78442b26cbe7",
        "type": "github"
      },
      "original": {
        "owner": "nixos",
        "ref": "nixos-unstable",
        "repo": "nixpkgs",
        "type": "github"
      }
    },
    "nixpkgs_6": {
      "locked": {
        "lastModified": 1664847737,
        "narHash": "sha256-Wxl0CtRH3Vo8+qEZ/PbCcx+9D8wEEi56tJPmROum2ss=",
        "owner": "NixOS",
        "repo": "nixpkgs",
        "rev": "de80d1d04ee691279e1302a1128c082bbda3ab01",
        "type": "github"
      },
      "original": {
        "id": "nixpkgs",
        "type": "indirect"
      }
    },
    "nixpkgs_7": {
      "locked": {
        "lastModified": 1665324905,
        "narHash": "sha256-J0UK12gVT3IzV45irSCZ8jobdKLsTu5KhHwb/7MrO/E=",
        "owner": "NixOS",
        "repo": "nixpkgs",
        "rev": "41ebdfa0c220299073cdeb08398a410e8ccb45b6",
        "type": "github"
      },
      "original": {
        "owner": "NixOS",
        "repo": "nixpkgs",
        "type": "github"
      }
    },
    "nixpkgs_8": {
      "locked": {
        "lastModified": 1660464579,
        "narHash": "sha256-kzA9rwh0wS6CwUnFHAQ7dhJCowMPfRbvixVeOKnUmjo=",
        "owner": "NixOS",
        "repo": "nixpkgs",
        "rev": "b02538b16f6c5e1dbfce1033b27946e25c019b3b",
        "type": "github"
      },
      "original": {
        "id": "nixpkgs",
        "type": "indirect"
      }
    },
    "nixpkgs_9": {
      "locked": {
        "lastModified": 1657649905,
        "narHash": "sha256-gth8ki7Sme/DjUc/hXBHpn+cvQSx9oTLCXUjQbbrn3M=",
        "owner": "NixOS",
        "repo": "nixpkgs",
        "rev": "09066922296d9ef06bfadb937b2560524dd10785",
        "type": "github"
      },
      "original": {
        "owner": "NixOS",
        "ref": "nixpkgs-unstable",
        "repo": "nixpkgs",
        "type": "github"
      }
    },
    "nvim-traxys": {
      "inputs": {
        "arduino-lsp": "arduino-lsp",
        "flake-utils": "flake-utils_2",
        "naersk": "naersk_3",
        "neovim-flake": "neovim-flake",
        "nixpkgs": [
          "nixpkgs"
        ],
        "nvim-treesitter": "nvim-treesitter",
        "plugin:clangd_extensions": "plugin:clangd_extensions",
        "plugin:cmp-source-buffer": "plugin:cmp-source-buffer",
        "plugin:cmp-source-calc": "plugin:cmp-source-calc",
        "plugin:cmp-source-crates": "plugin:cmp-source-crates",
        "plugin:cmp-source-latex_symbols": "plugin:cmp-source-latex_symbols",
        "plugin:cmp-source-nvim_lsp": "plugin:cmp-source-nvim_lsp",
        "plugin:cmp-source-path": "plugin:cmp-source-path",
        "plugin:cmp-source-treesitter": "plugin:cmp-source-treesitter",
        "plugin:cmp-source-vsnip": "plugin:cmp-source-vsnip",
        "plugin:crates": "plugin:crates",
        "plugin:editorconfig": "plugin:editorconfig",
        "plugin:fidget": "plugin:fidget",
        "plugin:filetype-nvim": "plugin:filetype-nvim",
        "plugin:galaxyline": "plugin:galaxyline",
        "plugin:git-messenger": "plugin:git-messenger",
        "plugin:gitsigns": "plugin:gitsigns",
        "plugin:headerguard": "plugin:headerguard",
        "plugin:inc-rename": "plugin:inc-rename",
        "plugin:indent-blankline": "plugin:indent-blankline",
        "plugin:kommentary": "plugin:kommentary",
        "plugin:lsp_signature": "plugin:lsp_signature",
        "plugin:lspkind": "plugin:lspkind",
        "plugin:null-ls": "plugin:null-ls",
        "plugin:nvim-cmp": "plugin:nvim-cmp",
        "plugin:nvim-lightbulb": "plugin:nvim-lightbulb",
        "plugin:nvim-lspconfig": "plugin:nvim-lspconfig",
        "plugin:nvim-tree-lua": "plugin:nvim-tree-lua",
        "plugin:nvim-treesitter-context": "plugin:nvim-treesitter-context",
        "plugin:nvim-treesitter-refactor": "plugin:nvim-treesitter-refactor",
        "plugin:nvim-web-devicons": "plugin:nvim-web-devicons",
        "plugin:plantuml-syntax": "plugin:plantuml-syntax",
        "plugin:plenary": "plugin:plenary",
        "plugin:rust-tools": "plugin:rust-tools",
        "plugin:telescope": "plugin:telescope",
        "plugin:telescope-ui-select": "plugin:telescope-ui-select",
        "plugin:vim-matchup": "plugin:vim-matchup",
        "plugin:vim-moonfly-colors": "plugin:vim-moonfly-colors",
        "plugin:vim-vsnip": "plugin:vim-vsnip",
        "stylua": "stylua",
        "tree-sitter-lalrpop": "tree-sitter-lalrpop"
      },
      "locked": {
        "lastModified": 1664902727,
        "narHash": "sha256-17f3VcwF/OhY80uOQ75QLmpw60YNmeA6ZbcWphJI5qM=",
        "owner": "traxys",
        "repo": "nvim-flake",
        "rev": "6343a0fdae0676e58962c11262ca85acde55d07e",
        "type": "github"
      },
      "original": {
        "owner": "traxys",
        "repo": "nvim-flake",
        "type": "github"
      }
    },
    "nvim-treesitter": {
      "flake": false,
      "locked": {
        "lastModified": 1664893941,
        "narHash": "sha256-JNk4poUc8L2F1ivAckZ12G7DhKeQJE6ITLVaVmdb42w=",
        "owner": "nvim-treesitter",
        "repo": "nvim-treesitter",
        "rev": "ffd4525fd9e61950520cea4737abc1800ad4aabb",
        "type": "github"
      },
      "original": {
        "owner": "nvim-treesitter",
        "repo": "nvim-treesitter",
        "type": "github"
      }
    },
    "oscclip": {
      "flake": false,
      "locked": {
        "lastModified": 1663158422,
        "narHash": "sha256-WQvZn+SWamEqEXPutIZVDZTIczybtHUG9QsN8XxUeg8=",
        "owner": "rumpelsepp",
        "repo": "oscclip",
        "rev": "6a4847ed5497baa9a9357b389f492f5d52c6867c",
        "type": "github"
      },
      "original": {
        "owner": "rumpelsepp",
        "repo": "oscclip",
        "type": "github"
      }
    },
    "plugin:clangd_extensions": {
      "flake": false,
      "locked": {
        "lastModified": 1664751772,
        "narHash": "sha256-+TyZnMqKFxgUjy3hvwRfdkjvCQEifQMzb39Q9VDyvvM=",
        "owner": "p00f",
        "repo": "clangd_extensions.nvim",
        "rev": "756a12b1604aa86368f2078ab44bfa788a29ece4",
        "type": "github"
      },
      "original": {
        "owner": "p00f",
        "repo": "clangd_extensions.nvim",
        "type": "github"
      }
    },
    "plugin:cmp-source-buffer": {
      "flake": false,
      "locked": {
        "lastModified": 1660101488,
        "narHash": "sha256-dG4U7MtnXThoa/PD+qFtCt76MQ14V1wX8GMYcvxEnbM=",
        "owner": "hrsh7th",
        "repo": "cmp-buffer",
        "rev": "3022dbc9166796b644a841a02de8dd1cc1d311fa",
        "type": "github"
      },
      "original": {
        "owner": "hrsh7th",
        "repo": "cmp-buffer",
        "type": "github"
      }
    },
    "plugin:cmp-source-calc": {
      "flake": false,
      "locked": {
        "lastModified": 1650891770,
        "narHash": "sha256-zwOsjbIbv5NMFgRHSvR4fVFIQOv8+3ETDxDAZYgut2A=",
        "owner": "hrsh7th",
        "repo": "cmp-calc",
        "rev": "f7efc20768603bd9f9ae0ed073b1c129f63eb312",
        "type": "github"
      },
      "original": {
        "owner": "hrsh7th",
        "repo": "cmp-calc",
        "type": "github"
      }
    },
    "plugin:cmp-source-crates": {
      "flake": false,
      "locked": {
        "lastModified": 1664139450,
        "narHash": "sha256-7CANmQ9yFBYHd6Gsiju3LSdNuR0RLAR/yuV1XdqiPGY=",
        "owner": "saecki",
        "repo": "crates.nvim",
        "rev": "1dffccc0a95f656ebe00cacb4de282473430c5a1",
        "type": "github"
      },
      "original": {
        "owner": "saecki",
        "repo": "crates.nvim",
        "type": "github"
      }
    },
    "plugin:cmp-source-latex_symbols": {
      "flake": false,
      "locked": {
        "lastModified": 1655473992,
        "narHash": "sha256-A9SO+vyyKGhpZzRFcCi/RskHEWdAVtVgyfrYKEIjZYA=",
        "owner": "kdheepak",
        "repo": "cmp-latex-symbols",
        "rev": "46e7627afa8c8ff57158d1c29d721d8efebbc39f",
        "type": "github"
      },
      "original": {
        "owner": "kdheepak",
        "repo": "cmp-latex-symbols",
        "type": "github"
      }
    },
    "plugin:cmp-source-nvim_lsp": {
      "flake": false,
      "locked": {
        "lastModified": 1652705110,
        "narHash": "sha256-19Ka4EQhqo//IMjJ/DnXiHsevVWFy2M90oSjmBFfCO0=",
        "owner": "hrsh7th",
        "repo": "cmp-nvim-lsp",
        "rev": "affe808a5c56b71630f17aa7c38e15c59fd648a8",
        "type": "github"
      },
      "original": {
        "owner": "hrsh7th",
        "repo": "cmp-nvim-lsp",
        "type": "github"
      }
    },
    "plugin:cmp-source-path": {
      "flake": false,
      "locked": {
        "lastModified": 1664784283,
        "narHash": "sha256-thppiiV3wjIaZnAXmsh7j3DUc6ceSCvGzviwFUnoPaI=",
        "owner": "hrsh7th",
        "repo": "cmp-path",
        "rev": "91ff86cd9c29299a64f968ebb45846c485725f23",
        "type": "github"
      },
      "original": {
        "owner": "hrsh7th",
        "repo": "cmp-path",
        "type": "github"
      }
    },
    "plugin:cmp-source-treesitter": {
      "flake": false,
      "locked": {
        "lastModified": 1664711019,
        "narHash": "sha256-WbhBHXCR6KLdlu6Z/NP/8ZQEtYKqYhygo+jd2hyaYtA=",
        "owner": "ray-x",
        "repo": "cmp-treesitter",
        "rev": "5f695e4173ad74a4c8dbbfd8990286464bf69293",
        "type": "github"
      },
      "original": {
        "owner": "ray-x",
        "repo": "cmp-treesitter",
        "type": "github"
      }
    },
    "plugin:cmp-source-vsnip": {
      "flake": false,
      "locked": {
        "lastModified": 1636543683,
        "narHash": "sha256-7K3shsiGK7ISFXj9D9MPK7yRqIxeCrbj1IsggToWHO4=",
        "owner": "hrsh7th",
        "repo": "cmp-vsnip",
        "rev": "0abfa1860f5e095a07c477da940cfcb0d273b700",
        "type": "github"
      },
      "original": {
        "owner": "hrsh7th",
        "repo": "cmp-vsnip",
        "type": "github"
      }
    },
    "plugin:crates": {
      "flake": false,
      "locked": {
        "lastModified": 1664139450,
        "narHash": "sha256-7CANmQ9yFBYHd6Gsiju3LSdNuR0RLAR/yuV1XdqiPGY=",
        "owner": "saecki",
        "repo": "crates.nvim",
        "rev": "1dffccc0a95f656ebe00cacb4de282473430c5a1",
        "type": "github"
      },
      "original": {
        "owner": "saecki",
        "repo": "crates.nvim",
        "type": "github"
      }
    },
    "plugin:editorconfig": {
      "flake": false,
      "locked": {
        "lastModified": 1655690768,
        "narHash": "sha256-xm4dYnx9b8JE4jgReyWh+ZvTW1FFpupi3iqdU/j6vKo=",
        "owner": "editorconfig",
        "repo": "editorconfig-vim",
        "rev": "d354117b72b3b43b75a29b8e816c0f91af10efe9",
        "type": "github"
      },
      "original": {
        "owner": "editorconfig",
        "repo": "editorconfig-vim",
        "type": "github"
      }
    },
    "plugin:fidget": {
      "flake": false,
      "locked": {
        "lastModified": 1664677302,
        "narHash": "sha256-5hWv6I6EaiKJzVpJm063KNksmfej/Wu4/zKLBqO7+pY=",
        "owner": "j-hui",
        "repo": "fidget.nvim",
        "rev": "1097a86db8ba38e390850dc4035a03ed234a4673",
        "type": "github"
      },
      "original": {
        "owner": "j-hui",
        "repo": "fidget.nvim",
        "type": "github"
      }
    },
    "plugin:filetype-nvim": {
      "flake": false,
      "locked": {
        "lastModified": 1654194633,
        "narHash": "sha256-B+VvgQj8akiKe+MX/dV2/mdaaqF8s2INW3phdPJ5TFA=",
        "owner": "nathom",
        "repo": "filetype.nvim",
        "rev": "b522628a45a17d58fc0073ffd64f9dc9530a8027",
        "type": "github"
      },
      "original": {
        "owner": "nathom",
        "repo": "filetype.nvim",
        "type": "github"
      }
    },
    "plugin:galaxyline": {
      "flake": false,
      "locked": {
        "lastModified": 1642780556,
        "narHash": "sha256-85mScXLgGp5SJSIPwVOt0RYTP4esV5SjzDD6dhox83U=",
        "owner": "NTBBloodbath",
        "repo": "galaxyline.nvim",
        "rev": "4d4f5fc8e20a10824117e5beea7ec6e445466a8f",
        "type": "github"
      },
      "original": {
        "owner": "NTBBloodbath",
        "repo": "galaxyline.nvim",
        "type": "github"
      }
    },
    "plugin:git-messenger": {
      "flake": false,
      "locked": {
        "lastModified": 1661833086,
        "narHash": "sha256-SAnGSSjHbwlpkpyjlINr5rgL7M28W42bWGvQrkOQl1w=",
        "owner": "rhysd",
        "repo": "git-messenger.vim",
        "rev": "8a61bdfa351d4df9a9118ee1d3f45edbed617072",
        "type": "github"
      },
      "original": {
        "owner": "rhysd",
        "repo": "git-messenger.vim",
        "type": "github"
      }
    },
    "plugin:gitsigns": {
      "flake": false,
      "locked": {
        "lastModified": 1663543397,
        "narHash": "sha256-FgNSwvW7Bk+eKutMj0zqEorJ3+ijCALtOXs2OYiSX1I=",
        "owner": "lewis6991",
        "repo": "gitsigns.nvim",
        "rev": "f98c85e7c3d65a51f45863a34feb4849c82f240f",
        "type": "github"
      },
      "original": {
        "owner": "lewis6991",
        "repo": "gitsigns.nvim",
        "type": "github"
      }
    },
    "plugin:headerguard": {
      "flake": false,
      "locked": {
        "lastModified": 1430175944,
        "narHash": "sha256-ANMyw7uaD2T8dwQ70dYjrmhnfj7rfzDVo5xUcwsgBis=",
        "owner": "drmikehenry",
        "repo": "vim-headerguard",
        "rev": "e53b37fa0772ffe2f30209f6109f5f2ae0fbf48f",
        "type": "github"
      },
      "original": {
        "owner": "drmikehenry",
        "repo": "vim-headerguard",
        "type": "github"
      }
    },
    "plugin:inc-rename": {
      "flake": false,
      "locked": {
        "lastModified": 1664901288,
        "narHash": "sha256-j1ziOSn+YlKLFChOJc7vWiB4S5AUkEGYtqSLGVIQegU=",
        "owner": "smjonas",
        "repo": "inc-rename.nvim",
        "rev": "35e65544b9537bf7576e61fc261111ef8cadefce",
        "type": "github"
      },
      "original": {
        "owner": "smjonas",
        "repo": "inc-rename.nvim",
        "type": "github"
      }
    },
    "plugin:indent-blankline": {
      "flake": false,
      "locked": {
        "lastModified": 1662104776,
        "narHash": "sha256-d+G+tLdvD8OxENIRobAv0ATl4gGQdoz3RPuBrPA3PuU=",
        "owner": "lukas-reineke",
        "repo": "indent-blankline.nvim",
        "rev": "db7cbcb40cc00fc5d6074d7569fb37197705e7f6",
        "type": "github"
      },
      "original": {
        "owner": "lukas-reineke",
        "repo": "indent-blankline.nvim",
        "type": "github"
      }
    },
    "plugin:kommentary": {
      "flake": false,
      "locked": {
        "lastModified": 1653669469,
        "narHash": "sha256-YPIV/y4BPna2yqDGKxfjDnC6eZGMqOunYrTv1uLd/NE=",
        "owner": "b3nj5m1n",
        "repo": "kommentary",
        "rev": "533d768a140b248443da8346b88e88db704212ab",
        "type": "github"
      },
      "original": {
        "owner": "b3nj5m1n",
        "repo": "kommentary",
        "type": "github"
      }
    },
    "plugin:lsp_signature": {
      "flake": false,
      "locked": {
        "lastModified": 1660573480,
        "narHash": "sha256-wY5TH15J99QjPTuIQ13Xp1byNX5xlxKHVi/A3aiwHZ8=",
        "owner": "ray-x",
        "repo": "lsp_signature.nvim",
        "rev": "e65a63858771db3f086c8d904ff5f80705fd962b",
        "type": "github"
      },
      "original": {
        "owner": "ray-x",
        "repo": "lsp_signature.nvim",
        "type": "github"
      }
    },
    "plugin:lspkind": {
      "flake": false,
      "locked": {
        "lastModified": 1663824370,
        "narHash": "sha256-WwUQ+O2rIfD4yl0GFx70GsZc9nnhS7b2KWfNdaXCLmM=",
        "owner": "onsails",
        "repo": "lspkind-nvim",
        "rev": "c68b3a003483cf382428a43035079f78474cd11e",
        "type": "github"
      },
      "original": {
        "owner": "onsails",
        "repo": "lspkind-nvim",
        "type": "github"
      }
    },
    "plugin:null-ls": {
      "flake": false,
      "locked": {
        "lastModified": 1664894877,
        "narHash": "sha256-Rn4B+5NhL/vVonqVT8WUlmJPfFZX9KmswnlALEN+2YI=",
        "owner": "jose-elias-alvarez",
        "repo": "null-ls.nvim",
        "rev": "c333ecce37ee5f096f17754901e4ec4827041166",
        "type": "github"
      },
      "original": {
        "owner": "jose-elias-alvarez",
        "repo": "null-ls.nvim",
        "type": "github"
      }
    },
    "plugin:nvim-cmp": {
      "flake": false,
      "locked": {
        "lastModified": 1664720690,
        "narHash": "sha256-1y9TxqSt+quk2+dGN112WshCUXIOrY10ZjnD+3YTpNU=",
        "owner": "hrsh7th",
        "repo": "nvim-cmp",
        "rev": "b0dff0ec4f2748626aae13f011d1a47071fe9abc",
        "type": "github"
      },
      "original": {
        "owner": "hrsh7th",
        "repo": "nvim-cmp",
        "type": "github"
      }
    },
    "plugin:nvim-lightbulb": {
      "flake": false,
      "locked": {
        "lastModified": 1661474119,
        "narHash": "sha256-nw6H/dS4dHdrobnrfJVa8urWrMnbTWrA5bQJy9xbKXY=",
        "owner": "kosayoda",
        "repo": "nvim-lightbulb",
        "rev": "56b9ce31ec9d09d560fe8787c0920f76bc208297",
        "type": "github"
      },
      "original": {
        "owner": "kosayoda",
        "repo": "nvim-lightbulb",
        "type": "github"
      }
    },
    "plugin:nvim-lspconfig": {
      "flake": false,
      "locked": {
        "lastModified": 1664791004,
        "narHash": "sha256-xq0JiQp1urxn460h6fcsa2E8lgd7cxWcQ5ahq2U37aQ=",
        "owner": "neovim",
        "repo": "nvim-lspconfig",
        "rev": "fc2f44dc6024bddb75b82e471c642ad1f4483094",
        "type": "github"
      },
      "original": {
        "owner": "neovim",
        "repo": "nvim-lspconfig",
        "type": "github"
      }
    },
    "plugin:nvim-tree-lua": {
      "flake": false,
      "locked": {
        "lastModified": 1664621482,
        "narHash": "sha256-qcvhosFNyGwW+QQOj8HMySWVKaAMbfie0DY0mCmlCvU=",
        "owner": "kyazdani42",
        "repo": "nvim-tree.lua",
        "rev": "7282f7de8aedf861fe0162a559fc2b214383c51c",
        "type": "github"
      },
      "original": {
        "owner": "kyazdani42",
        "repo": "nvim-tree.lua",
        "type": "github"
      }
    },
    "plugin:nvim-treesitter-context": {
      "flake": false,
      "locked": {
        "lastModified": 1663923598,
        "narHash": "sha256-14A0jsehnwuTHIB0yZHXy9KeirHWLX+MDfCynVBPbd0=",
        "owner": "nvim-treesitter",
        "repo": "nvim-treesitter-context",
        "rev": "8d0759eb798fee2e1201b26c3279713ac67c44c2",
        "type": "github"
      },
      "original": {
        "owner": "nvim-treesitter",
        "repo": "nvim-treesitter-context",
        "type": "github"
      }
    },
    "plugin:nvim-treesitter-refactor": {
      "flake": false,
      "locked": {
        "lastModified": 1652483521,
        "narHash": "sha256-8iAwtoMqh+2ef8qooxBFzm1eAm+P+8IKjjepV4n/+vI=",
        "owner": "nvim-treesitter",
        "repo": "nvim-treesitter-refactor",
        "rev": "75f5895cc662d61eb919da8050b7a0124400d589",
        "type": "github"
      },
      "original": {
        "owner": "nvim-treesitter",
        "repo": "nvim-treesitter-refactor",
        "type": "github"
      }
    },
    "plugin:nvim-web-devicons": {
      "flake": false,
      "locked": {
        "lastModified": 1664809554,
        "narHash": "sha256-ykzQV09P8E7ZkWmaVoj+Ah68ZfLrt7irAAfnkeFXhqQ=",
        "owner": "kyazdani42",
        "repo": "nvim-web-devicons",
        "rev": "a8cf88cbdb5c58e2b658e179c4b2aa997479b3da",
        "type": "github"
      },
      "original": {
        "owner": "kyazdani42",
        "repo": "nvim-web-devicons",
        "type": "github"
      }
    },
    "plugin:plantuml-syntax": {
      "flake": false,
      "locked": {
        "lastModified": 1661550240,
        "narHash": "sha256-LowGc66T47vOL4oAihrArNqGUZ+CCbyVXEROO83OTjQ=",
        "owner": "aklt",
        "repo": "plantuml-syntax",
        "rev": "845abb56dcd3f12afa6eb47684ef5ba3055802b8",
        "type": "github"
      },
      "original": {
        "owner": "aklt",
        "repo": "plantuml-syntax",
        "type": "github"
      }
    },
    "plugin:plenary": {
      "flake": false,
      "locked": {
        "lastModified": 1664607953,
        "narHash": "sha256-lIdBrVpi+vUudeotjFAuw4C0VT8TPoFE9cVVAQEsAYU=",
        "owner": "nvim-lua",
        "repo": "plenary.nvim",
        "rev": "4b7e52044bbb84242158d977a50c4cbcd85070c7",
        "type": "github"
      },
      "original": {
        "owner": "nvim-lua",
        "repo": "plenary.nvim",
        "type": "github"
      }
    },
    "plugin:rust-tools": {
      "flake": false,
      "locked": {
        "lastModified": 1662154544,
        "narHash": "sha256-zR+6LMgHxzqWuPYuTT5U4HKW+lbgOZ2Zw6LzArRpQ5g=",
        "owner": "simrat39",
        "repo": "rust-tools.nvim",
        "rev": "86a2b4e31f504c00715d0dd082a6b8b5d4afbf03",
        "type": "github"
      },
      "original": {
        "owner": "simrat39",
        "repo": "rust-tools.nvim",
        "type": "github"
      }
    },
    "plugin:telescope": {
      "flake": false,
      "locked": {
        "lastModified": 1664558965,
        "narHash": "sha256-Dea+65ZTvItjr/sP7uARYdmIvl9s/Gxns1XIX7sMvTg=",
        "owner": "nvim-telescope",
        "repo": "telescope.nvim",
        "rev": "76ea9a898d3307244dce3573392dcf2cc38f340f",
        "type": "github"
      },
      "original": {
        "owner": "nvim-telescope",
        "repo": "telescope.nvim",
        "type": "github"
      }
    },
    "plugin:telescope-ui-select": {
      "flake": false,
      "locked": {
        "lastModified": 1651305900,
        "narHash": "sha256-/JM2KX70JXa3sydrUj13Vd4rRwhn3VrdW7qLLHqIqyY=",
        "owner": "nvim-telescope",
        "repo": "telescope-ui-select.nvim",
        "rev": "62ea5e58c7bbe191297b983a9e7e89420f581369",
        "type": "github"
      },
      "original": {
        "owner": "nvim-telescope",
        "repo": "telescope-ui-select.nvim",
        "type": "github"
      }
    },
    "plugin:vim-matchup": {
      "flake": false,
      "locked": {
        "lastModified": 1664657494,
        "narHash": "sha256-kctVN+hLQgJZ8wmz4zYkQSQc0Kg/rNbwXGTdAW/lBnU=",
        "owner": "andymass",
        "repo": "vim-matchup",
        "rev": "3fa1b2283e957784922fe891de361a2342b90bca",
        "type": "github"
      },
      "original": {
        "owner": "andymass",
        "repo": "vim-matchup",
        "type": "github"
      }
    },
    "plugin:vim-moonfly-colors": {
      "flake": false,
      "locked": {
        "lastModified": 1664684453,
        "narHash": "sha256-k7Y6ikt+/yUJr9Sq6Tpkm+CuDAeSNSvek9Hs3n0R42w=",
        "owner": "bluz71",
        "repo": "vim-moonfly-colors",
        "rev": "79effe501b1b83f42c43335113786815db172196",
        "type": "github"
      },
      "original": {
        "owner": "bluz71",
        "repo": "vim-moonfly-colors",
        "type": "github"
      }
    },
    "plugin:vim-vsnip": {
      "flake": false,
      "locked": {
        "lastModified": 1650631622,
        "narHash": "sha256-USltEc6QGHwMqx7E9wo9qZmq+pm9FLj0CUcKoE7KPLU=",
        "owner": "hrsh7th",
        "repo": "vim-vsnip",
        "rev": "8f199ef690ed26dcbb8973d9a6760d1332449ac9",
        "type": "github"
      },
      "original": {
        "owner": "hrsh7th",
        "repo": "vim-vsnip",
        "type": "github"
      }
    },
    "poetry2nix": {
      "inputs": {
        "flake-utils": [
          "nix-alien",
          "flake-utils"
        ],
        "nixpkgs": [
          "nix-alien",
          "nixpkgs"
        ]
      },
      "locked": {
        "lastModified": 1662879385,
        "narHash": "sha256-ZmiyHn0uPH4xHYcOhY0e0sPtfyM6jCF/shmVq2aTOLc=",
        "owner": "nix-community",
        "repo": "poetry2nix",
        "rev": "4f8d61cd936f853242a4ce1fd476f5488c288c26",
        "type": "github"
      },
      "original": {
        "owner": "nix-community",
        "repo": "poetry2nix",
        "type": "github"
      }
    },
    "poetry2nix_2": {
      "inputs": {
        "flake-utils": "flake-utils_4",
        "nixpkgs": "nixpkgs_7"
      },
      "locked": {
        "lastModified": 1665281045,
        "narHash": "sha256-NuVoi2gT1TwZUjuDVIVR459mcwkjEkHQIdQy8n3rGZw=",
        "owner": "nix-community",
        "repo": "poetry2nix",
        "rev": "f602909127fc7812d9881f1eb4dd285783d411a4",
        "type": "github"
      },
      "original": {
        "owner": "nix-community",
        "repo": "poetry2nix",
        "type": "github"
      }
    },
    "powerlevel10k": {
      "flake": false,
      "locked": {
        "lastModified": 1660983388,
        "narHash": "sha256-bpcp86ZsQps5+RaaXsjN6GXmpIn2te0HU/VVIxDuolA=",
        "owner": "romkatv",
        "repo": "powerlevel10k",
        "rev": "0493886837595bdfb0d8ee36a8b25556ac0a64ea",
        "type": "github"
      },
      "original": {
        "owner": "romkatv",
        "repo": "powerlevel10k",
        "type": "github"
      }
    },
    "raclette": {
      "inputs": {
        "flake-utils": "flake-utils_5",
        "hyperfine": "hyperfine",
        "naersk": "naersk_4",
        "nixpkgs": "nixpkgs_9",
        "rust-overlay": "rust-overlay"
      },
      "locked": {
        "lastModified": 1661983880,
        "narHash": "sha256-gtKygYGqnTeOTmK3GjZjPnX/iQpCIhtuW5i16YYM9XM=",
        "owner": "traxys",
        "repo": "raclette",
        "rev": "569a505b4349203e4994d29d9085ac57e574fe54",
        "type": "github"
      },
      "original": {
        "owner": "traxys",
        "repo": "raclette",
        "type": "github"
      }
    },
    "root": {
      "inputs": {
        "comma": "comma",
        "home-manager": "home-manager",
        "kabalist": "kabalist",
        "naersk": "naersk_2",
        "nix-alien": "nix-alien",
        "nix-ld": "nix-ld",
        "nixpkgs": "nixpkgs_5",
        "nvim-traxys": "nvim-traxys",
        "oscclip": "oscclip",
        "poetry2nix": "poetry2nix_2",
        "raclette": "raclette",
        "rust-overlay": "rust-overlay_2",
        "xdg-ninja": "xdg-ninja",
        "zsh-traxys": "zsh-traxys"
      }
    },
    "rust-overlay": {
      "inputs": {
        "flake-utils": "flake-utils_6",
        "nixpkgs": "nixpkgs_10"
      },
      "locked": {
        "lastModified": 1657680648,
        "narHash": "sha256-UkH8lVSlNX22apOqnuyEtQPtuhL+XOPWQVG5dsgLamA=",
        "owner": "oxalica",
        "repo": "rust-overlay",
        "rev": "3034ea450bdd5c2f7d9a8b2d7fd7c258f09113e7",
        "type": "github"
      },
      "original": {
        "owner": "oxalica",
        "repo": "rust-overlay",
        "type": "github"
      }
    },
    "rust-overlay_2": {
      "inputs": {
        "flake-utils": "flake-utils_7",
        "nixpkgs": "nixpkgs_11"
      },
      "locked": {
        "lastModified": 1664851876,
        "narHash": "sha256-v0DBElK+PmU3ID9/uHwtCNHp6uGuWmxj6/elpq4Cqas=",
        "owner": "oxalica",
        "repo": "rust-overlay",
        "rev": "148815c92641976b798efb2805a50991de4bac7f",
        "type": "github"
      },
      "original": {
        "owner": "oxalica",
        "repo": "rust-overlay",
        "type": "github"
      }
    },
    "stylua": {
      "flake": false,
      "locked": {
        "lastModified": 1663951109,
        "narHash": "sha256-x0hNxilw2r2u5JqdzCoK4pNsxE2peHplE6TfltbHhFI=",
        "owner": "johnnymorganz",
        "repo": "stylua",
        "rev": "4ad48d0a95b0324a64f6f58194dc26f7e84894ca",
        "type": "github"
      },
      "original": {
        "owner": "johnnymorganz",
        "repo": "stylua",
        "type": "github"
      }
    },
    "tree-sitter-lalrpop": {
      "flake": false,
      "locked": {
        "lastModified": 1644829397,
        "narHash": "sha256-xz+D1lS/bpHHu2rJEjalpMajSKl3yn+bQI9JN0Bm7tU=",
        "owner": "traxys",
        "repo": "tree-sitter-lalrpop",
        "rev": "7744b56f03ac1e5643fad23c9dd90837fe97291e",
        "type": "github"
      },
      "original": {
        "owner": "traxys",
        "repo": "tree-sitter-lalrpop",
        "type": "github"
      }
    },
    "utils": {
      "locked": {
        "lastModified": 1659877975,
        "narHash": "sha256-zllb8aq3YO3h8B/U0/J1WBgAL8EX5yWf5pMj3G0NAmc=",
        "owner": "numtide",
        "repo": "flake-utils",
        "rev": "c0e246b9b83f637f4681389ecabcb2681b4f3af0",
        "type": "github"
      },
      "original": {
        "owner": "numtide",
        "repo": "flake-utils",
        "type": "github"
      }
    },
    "utils_2": {
      "locked": {
        "lastModified": 1659877975,
        "narHash": "sha256-zllb8aq3YO3h8B/U0/J1WBgAL8EX5yWf5pMj3G0NAmc=",
        "owner": "numtide",
        "repo": "flake-utils",
        "rev": "c0e246b9b83f637f4681389ecabcb2681b4f3af0",
        "type": "github"
      },
      "original": {
        "owner": "numtide",
        "repo": "flake-utils",
        "type": "github"
      }
    },
    "utils_3": {
      "locked": {
        "lastModified": 1652372896,
        "narHash": "sha256-lURGussfF3mGrFPQT3zgW7+RC0pBhbHzco0C7I+ilow=",
        "owner": "numtide",
        "repo": "flake-utils",
        "rev": "0d347c56f6f41de822a4f4c7ff5072f3382db121",
        "type": "github"
      },
      "original": {
        "owner": "numtide",
        "repo": "flake-utils",
        "type": "github"
      }
    },
    "xdg-ninja": {
      "flake": false,
      "locked": {
        "lastModified": 1652474734,
        "narHash": "sha256-aAneKq1Ux7Yxpj4GgjxY7XMA0KpiHa527yQZy+p28Ls=",
        "owner": "traxys",
        "repo": "xdg-ninja",
        "rev": "08c087dae12972e8ae941e22250c43ed1eba36f9",
        "type": "github"
      },
      "original": {
        "owner": "traxys",
        "repo": "xdg-ninja",
        "type": "github"
      }
    },
    "zsh-nix-shell": {
      "flake": false,
      "locked": {
        "lastModified": 1648749800,
        "narHash": "sha256-BjgMhILEL/qdgfno4LR64LSB8n9pC9R+gG7IQWwgyfQ=",
        "owner": "chisui",
        "repo": "zsh-nix-shell",
        "rev": "af6f8a266ea1875b9a3e86e14796cadbe1cfbf08",
        "type": "github"
      },
      "original": {
        "owner": "chisui",
        "repo": "zsh-nix-shell",
        "type": "github"
      }
    },
    "zsh-traxys": {
      "inputs": {
        "dotacat": "dotacat",
        "fast-syntax-highlighting": "fast-syntax-highlighting",
        "flake-utils": "flake-utils_8",
        "naersk": "naersk_5",
        "nixpkgs": "nixpkgs_13",
        "powerlevel10k": "powerlevel10k",
        "zsh-nix-shell": "zsh-nix-shell"
      },
      "locked": {
        "lastModified": 1661609085,
        "narHash": "sha256-4WdAyx/ck5lWaERGOLhP6AF78zycDt8KotMxbQtOsCY=",
        "owner": "traxys",
        "repo": "zsh-flake",
        "rev": "14ee5279df55615e1f6cd80eac0d0c38d9234c2e",
        "type": "github"
      },
      "original": {
        "owner": "traxys",
        "repo": "zsh-flake",
        "type": "github"
      }
    }
  },
  "root": "root",
  "version": 7
}
